// !$*UTF8*$!
{
	archiveVersion = 1;
	classes = {
	};
	objectVersion = 50;
	objects = {

/* Begin PBXBuildFile section */
		7F97AC0323FC89D500BDBF11 /* SOSMSViewControllerEXT.swift in Sources */ = {isa = PBXBuildFile; fileRef = 7F97AC0223FC89D500BDBF11 /* SOSMSViewControllerEXT.swift */; };
		7F97AC0723FCE27400BDBF11 /* SOSMSEXTLablesViewController.swift in Sources */ = {isa = PBXBuildFile; fileRef = 7F97AC0623FCE27400BDBF11 /* SOSMSEXTLablesViewController.swift */; };
		7F97AC0923FCE3AB00BDBF11 /* SOSMSUserDefaultsExt.swift in Sources */ = {isa = PBXBuildFile; fileRef = 7F97AC0823FCE3AB00BDBF11 /* SOSMSUserDefaultsExt.swift */; };
		7FA6E6F623FB7AAD00E90CCF /* SOSMSStringEXT.swift in Sources */ = {isa = PBXBuildFile; fileRef = 7FA6E6F523FB7AAD00E90CCF /* SOSMSStringEXT.swift */; };
		7FCF1D4823FA374300602392 /* AppDelegate.swift in Sources */ = {isa = PBXBuildFile; fileRef = 7FCF1D4723FA374300602392 /* AppDelegate.swift */; };
		7FCF1D4A23FA374300602392 /* SceneDelegate.swift in Sources */ = {isa = PBXBuildFile; fileRef = 7FCF1D4923FA374300602392 /* SceneDelegate.swift */; };
		7FCF1D4C23FA374300602392 /* ViewController.swift in Sources */ = {isa = PBXBuildFile; fileRef = 7FCF1D4B23FA374300602392 /* ViewController.swift */; };
		7FCF1D4F23FA374300602392 /* Main.storyboard in Resources */ = {isa = PBXBuildFile; fileRef = 7FCF1D4D23FA374300602392 /* Main.storyboard */; };
		7FCF1D5123FA374400602392 /* Assets.xcassets in Resources */ = {isa = PBXBuildFile; fileRef = 7FCF1D5023FA374400602392 /* Assets.xcassets */; };
		7FCF1D5423FA374400602392 /* LaunchScreen.storyboard in Resources */ = {isa = PBXBuildFile; fileRef = 7FCF1D5223FA374400602392 /* LaunchScreen.storyboard */; };
		7FE353B223FB636800A46D3F /* SetupUIElement.swift in Sources */ = {isa = PBXBuildFile; fileRef = 7FE353B123FB636800A46D3F /* SetupUIElement.swift */; };
		7FE353B423FB646C00A46D3F /* SOSMSDataStore.swift in Sources */ = {isa = PBXBuildFile; fileRef = 7FE353B323FB646C00A46D3F /* SOSMSDataStore.swift */; };
/* End PBXBuildFile section */

/* Begin PBXFileReference section */
		7F97AC0223FC89D500BDBF11 /* SOSMSViewControllerEXT.swift */ = {isa = PBXFileReference; lastKnownFileType = sourcecode.swift; path = SOSMSViewControllerEXT.swift; sourceTree = "<group>"; };
		7F97AC0523FC95CF00BDBF11 /* SOSMSRelease.entitlements */ = {isa = PBXFileReference; lastKnownFileType = text.plist.entitlements; path = SOSMSRelease.entitlements; sourceTree = "<group>"; };
		7F97AC0623FCE27400BDBF11 /* SOSMSEXTLablesViewController.swift */ = {isa = PBXFileReference; lastKnownFileType = sourcecode.swift; path = SOSMSEXTLablesViewController.swift; sourceTree = "<group>"; };
		7F97AC0823FCE3AB00BDBF11 /* SOSMSUserDefaultsExt.swift */ = {isa = PBXFileReference; lastKnownFileType = sourcecode.swift; path = SOSMSUserDefaultsExt.swift; sourceTree = "<group>"; };
		7FA6E6F523FB7AAD00E90CCF /* SOSMSStringEXT.swift */ = {isa = PBXFileReference; lastKnownFileType = sourcecode.swift; path = SOSMSStringEXT.swift; sourceTree = "<group>"; };
		7FCF1D4423FA374300602392 /* Message-SOS.app */ = {isa = PBXFileReference; explicitFileType = wrapper.application; includeInIndex = 0; path = "Message-SOS.app"; sourceTree = BUILT_PRODUCTS_DIR; };
		7FCF1D4723FA374300602392 /* AppDelegate.swift */ = {isa = PBXFileReference; lastKnownFileType = sourcecode.swift; path = AppDelegate.swift; sourceTree = "<group>"; };
		7FCF1D4923FA374300602392 /* SceneDelegate.swift */ = {isa = PBXFileReference; lastKnownFileType = sourcecode.swift; path = SceneDelegate.swift; sourceTree = "<group>"; };
		7FCF1D4B23FA374300602392 /* ViewController.swift */ = {isa = PBXFileReference; lastKnownFileType = sourcecode.swift; path = ViewController.swift; sourceTree = "<group>"; };
		7FCF1D4E23FA374300602392 /* Base */ = {isa = PBXFileReference; lastKnownFileType = file.storyboard; name = Base; path = Base.lproj/Main.storyboard; sourceTree = "<group>"; };
		7FCF1D5023FA374400602392 /* Assets.xcassets */ = {isa = PBXFileReference; lastKnownFileType = folder.assetcatalog; path = Assets.xcassets; sourceTree = "<group>"; };
		7FCF1D5323FA374400602392 /* Base */ = {isa = PBXFileReference; lastKnownFileType = file.storyboard; name = Base; path = Base.lproj/LaunchScreen.storyboard; sourceTree = "<group>"; };
		7FCF1D5523FA374400602392 /* Info.plist */ = {isa = PBXFileReference; lastKnownFileType = text.plist.xml; path = Info.plist; sourceTree = "<group>"; };
		7FE353B123FB636800A46D3F /* SetupUIElement.swift */ = {isa = PBXFileReference; lastKnownFileType = sourcecode.swift; path = SetupUIElement.swift; sourceTree = "<group>"; };
		7FE353B323FB646C00A46D3F /* SOSMSDataStore.swift */ = {isa = PBXFileReference; lastKnownFileType = sourcecode.swift; path = SOSMSDataStore.swift; sourceTree = "<group>"; };
/* End PBXFileReference section */

/* Begin PBXFrameworksBuildPhase section */
		7FCF1D4123FA374300602392 /* Frameworks */ = {
			isa = PBXFrameworksBuildPhase;
			buildActionMask = 2147483647;
			files = (
			);
			runOnlyForDeploymentPostprocessing = 0;
		};
/* End PBXFrameworksBuildPhase section */

/* Begin PBXGroup section */
		7F3CBED023FB0757009C583B /* Extensions */ = {
			isa = PBXGroup;
			children = (
				7F97AC0223FC89D500BDBF11 /* SOSMSViewControllerEXT.swift */,
				7FA6E6F523FB7AAD00E90CCF /* SOSMSStringEXT.swift */,
				7F97AC0623FCE27400BDBF11 /* SOSMSEXTLablesViewController.swift */,
				7F97AC0823FCE3AB00BDBF11 /* SOSMSUserDefaultsExt.swift */,
			);
			path = Extensions;
			sourceTree = "<group>";
		};
		7F97ABFF23FC893700BDBF11 /* Constants */ = {
			isa = PBXGroup;
			children = (
				7FE353B323FB646C00A46D3F /* SOSMSDataStore.swift */,
			);
			path = Constants;
			sourceTree = "<group>";
		};
		7F97AC0023FC894800BDBF11 /* Helpers */ = {
			isa = PBXGroup;
			children = (
				7FE353B123FB636800A46D3F /* SetupUIElement.swift */,
			);
			path = Helpers;
			sourceTree = "<group>";
		};
		7F97AC0123FC895F00BDBF11 /* System */ = {
			isa = PBXGroup;
			children = (
				7FCF1D4723FA374300602392 /* AppDelegate.swift */,
				7FCF1D4923FA374300602392 /* SceneDelegate.swift */,
				7FCF1D5223FA374400602392 /* LaunchScreen.storyboard */,
				7FCF1D4D23FA374300602392 /* Main.storyboard */,
			);
			path = System;
			sourceTree = "<group>";
		};
		7FCF1D3B23FA374300602392 = {
			isa = PBXGroup;
			children = (
				7FCF1D4623FA374300602392 /* SOSMS */,
				7FCF1D4523FA374300602392 /* Products */,
			);
			sourceTree = "<group>";
		};
		7FCF1D4523FA374300602392 /* Products */ = {
			isa = PBXGroup;
			children = (
				7FCF1D4423FA374300602392 /* Message-SOS.app */,
			);
			name = Products;
			sourceTree = "<group>";
		};
		7FCF1D4623FA374300602392 /* SOSMS */ = {
			isa = PBXGroup;
			children = (
				7FCF1D5023FA374400602392 /* Assets.xcassets */,
				7F97AC0523FC95CF00BDBF11 /* SOSMSRelease.entitlements */,
				7FCF1D4B23FA374300602392 /* ViewController.swift */,
				7FCF1D5523FA374400602392 /* Info.plist */,
				7F97AC0123FC895F00BDBF11 /* System */,
				7F97AC0023FC894800BDBF11 /* Helpers */,
				7F97ABFF23FC893700BDBF11 /* Constants */,
				7F3CBED023FB0757009C583B /* Extensions */,
			);
			path = SOSMS;
			sourceTree = "<group>";
		};
/* End PBXGroup section */

/* Begin PBXNativeTarget section */
		7FCF1D4323FA374300602392 /* Message-SOS */ = {
			isa = PBXNativeTarget;
			buildConfigurationList = 7FCF1D5823FA374400602392 /* Build configuration list for PBXNativeTarget "Message-SOS" */;
			buildPhases = (
				7FCF1D4023FA374300602392 /* Sources */,
				7FCF1D4123FA374300602392 /* Frameworks */,
				7FCF1D4223FA374300602392 /* Resources */,
			);
			buildRules = (
			);
			dependencies = (
			);
			name = "Message-SOS";
			productName = SOSMS;
			productReference = 7FCF1D4423FA374300602392 /* Message-SOS.app */;
			productType = "com.apple.product-type.application";
		};
/* End PBXNativeTarget section */

/* Begin PBXProject section */
		7FCF1D3C23FA374300602392 /* Project object */ = {
			isa = PBXProject;
			attributes = {
				LastSwiftUpdateCheck = 1130;
				LastUpgradeCheck = 1130;
				ORGANIZATIONNAME = "ELLI SCHARLIN";
				TargetAttributes = {
					7FCF1D4323FA374300602392 = {
						CreatedOnToolsVersion = 11.3.1;
					};
				};
			};
			buildConfigurationList = 7FCF1D3F23FA374300602392 /* Build configuration list for PBXProject "SOSMS" */;
			compatibilityVersion = "Xcode 9.3";
			developmentRegion = en;
			hasScannedForEncodings = 0;
			knownRegions = (
				en,
				Base,
			);
			mainGroup = 7FCF1D3B23FA374300602392;
			productRefGroup = 7FCF1D4523FA374300602392 /* Products */;
			projectDirPath = "";
			projectRoot = "";
			targets = (
				7FCF1D4323FA374300602392 /* Message-SOS */,
			);
		};
/* End PBXProject section */

/* Begin PBXResourcesBuildPhase section */
		7FCF1D4223FA374300602392 /* Resources */ = {
			isa = PBXResourcesBuildPhase;
			buildActionMask = 2147483647;
			files = (
				7FCF1D5423FA374400602392 /* LaunchScreen.storyboard in Resources */,
				7FCF1D5123FA374400602392 /* Assets.xcassets in Resources */,
				7FCF1D4F23FA374300602392 /* Main.storyboard in Resources */,
			);
			runOnlyForDeploymentPostprocessing = 0;
		};
/* End PBXResourcesBuildPhase section */

/* Begin PBXSourcesBuildPhase section */
		7FCF1D4023FA374300602392 /* Sources */ = {
			isa = PBXSourcesBuildPhase;
			buildActionMask = 2147483647;
			files = (
				7FE353B223FB636800A46D3F /* SetupUIElement.swift in Sources */,
				7F97AC0723FCE27400BDBF11 /* SOSMSEXTLablesViewController.swift in Sources */,
				7F97AC0323FC89D500BDBF11 /* SOSMSViewControllerEXT.swift in Sources */,
				7FCF1D4C23FA374300602392 /* ViewController.swift in Sources */,
				7FA6E6F623FB7AAD00E90CCF /* SOSMSStringEXT.swift in Sources */,
				7FE353B423FB646C00A46D3F /* SOSMSDataStore.swift in Sources */,
				7FCF1D4823FA374300602392 /* AppDelegate.swift in Sources */,
				7FCF1D4A23FA374300602392 /* SceneDelegate.swift in Sources */,
				7F97AC0923FCE3AB00BDBF11 /* SOSMSUserDefaultsExt.swift in Sources */,
			);
			runOnlyForDeploymentPostprocessing = 0;
		};
/* End PBXSourcesBuildPhase section */

/* Begin PBXVariantGroup section */
		7FCF1D4D23FA374300602392 /* Main.storyboard */ = {
			isa = PBXVariantGroup;
			children = (
				7FCF1D4E23FA374300602392 /* Base */,
			);
			name = Main.storyboard;
			sourceTree = "<group>";
		};
		7FCF1D5223FA374400602392 /* LaunchScreen.storyboard */ = {
			isa = PBXVariantGroup;
			children = (
				7FCF1D5323FA374400602392 /* Base */,
			);
			name = LaunchScreen.storyboard;
			sourceTree = "<group>";
		};
/* End PBXVariantGroup section */

/* Begin XCBuildConfiguration section */
		7FCF1D5623FA374400602392 /* Debug */ = {
			isa = XCBuildConfiguration;
			buildSettings = {
				ALWAYS_SEARCH_USER_PATHS = NO;
				CLANG_ANALYZER_NONNULL = YES;
				CLANG_ANALYZER_NUMBER_OBJECT_CONVERSION = YES_AGGRESSIVE;
				CLANG_CXX_LANGUAGE_STANDARD = "gnu++14";
				CLANG_CXX_LIBRARY = "libc++";
				CLANG_ENABLE_MODULES = YES;
				CLANG_ENABLE_OBJC_ARC = YES;
				CLANG_ENABLE_OBJC_WEAK = YES;
				CLANG_WARN_BLOCK_CAPTURE_AUTORELEASING = YES;
				CLANG_WARN_BOOL_CONVERSION = YES;
				CLANG_WARN_COMMA = YES;
				CLANG_WARN_CONSTANT_CONVERSION = YES;
				CLANG_WARN_DEPRECATED_OBJC_IMPLEMENTATIONS = YES;
				CLANG_WARN_DIRECT_OBJC_ISA_USAGE = YES_ERROR;
				CLANG_WARN_DOCUMENTATION_COMMENTS = YES;
				CLANG_WARN_EMPTY_BODY = YES;
				CLANG_WARN_ENUM_CONVERSION = YES;
				CLANG_WARN_INFINITE_RECURSION = YES;
				CLANG_WARN_INT_CONVERSION = YES;
				CLANG_WARN_NON_LITERAL_NULL_CONVERSION = YES;
				CLANG_WARN_OBJC_IMPLICIT_RETAIN_SELF = YES;
				CLANG_WARN_OBJC_LITERAL_CONVERSION = YES;
				CLANG_WARN_OBJC_ROOT_CLASS = YES_ERROR;
				CLANG_WARN_RANGE_LOOP_ANALYSIS = YES;
				CLANG_WARN_STRICT_PROTOTYPES = YES;
				CLANG_WARN_SUSPICIOUS_MOVE = YES;
				CLANG_WARN_UNGUARDED_AVAILABILITY = YES_AGGRESSIVE;
				CLANG_WARN_UNREACHABLE_CODE = YES;
				CLANG_WARN__DUPLICATE_METHOD_MATCH = YES;
				COPY_PHASE_STRIP = NO;
				DEBUG_INFORMATION_FORMAT = dwarf;
				ENABLE_STRICT_OBJC_MSGSEND = YES;
				ENABLE_TESTABILITY = YES;
				GCC_C_LANGUAGE_STANDARD = gnu11;
				GCC_DYNAMIC_NO_PIC = NO;
				GCC_NO_COMMON_BLOCKS = YES;
				GCC_OPTIMIZATION_LEVEL = 0;
				GCC_PREPROCESSOR_DEFINITIONS = (
					"DEBUG=1",
					"$(inherited)",
				);
				GCC_WARN_64_TO_32_BIT_CONVERSION = YES;
				GCC_WARN_ABOUT_RETURN_TYPE = YES_ERROR;
				GCC_WARN_UNDECLARED_SELECTOR = YES;
				GCC_WARN_UNINITIALIZED_AUTOS = YES_AGGRESSIVE;
				GCC_WARN_UNUSED_FUNCTION = YES;
				GCC_WARN_UNUSED_VARIABLE = YES;
				IPHONEOS_DEPLOYMENT_TARGET = 13.2;
				MTL_ENABLE_DEBUG_INFO = INCLUDE_SOURCE;
				MTL_FAST_MATH = YES;
				ONLY_ACTIVE_ARCH = YES;
				PRODUCT_NAME = "";
				SDKROOT = iphoneos;
				SWIFT_ACTIVE_COMPILATION_CONDITIONS = DEBUG;
				SWIFT_OPTIMIZATION_LEVEL = "-Onone";
			};
			name = Debug;
		};
		7FCF1D5723FA374400602392 /* Release */ = {
			isa = XCBuildConfiguration;
			buildSettings = {
				ALWAYS_SEARCH_USER_PATHS = NO;
				CLANG_ANALYZER_NONNULL = YES;
				CLANG_ANALYZER_NUMBER_OBJECT_CONVERSION = YES_AGGRESSIVE;
				CLANG_CXX_LANGUAGE_STANDARD = "gnu++14";
				CLANG_CXX_LIBRARY = "libc++";
				CLANG_ENABLE_MODULES = YES;
				CLANG_ENABLE_OBJC_ARC = YES;
				CLANG_ENABLE_OBJC_WEAK = YES;
				CLANG_WARN_BLOCK_CAPTURE_AUTORELEASING = YES;
				CLANG_WARN_BOOL_CONVERSION = YES;
				CLANG_WARN_COMMA = YES;
				CLANG_WARN_CONSTANT_CONVERSION = YES;
				CLANG_WARN_DEPRECATED_OBJC_IMPLEMENTATIONS = YES;
				CLANG_WARN_DIRECT_OBJC_ISA_USAGE = YES_ERROR;
				CLANG_WARN_DOCUMENTATION_COMMENTS = YES;
				CLANG_WARN_EMPTY_BODY = YES;
				CLANG_WARN_ENUM_CONVERSION = YES;
				CLANG_WARN_INFINITE_RECURSION = YES;
				CLANG_WARN_INT_CONVERSION = YES;
				CLANG_WARN_NON_LITERAL_NULL_CONVERSION = YES;
				CLANG_WARN_OBJC_IMPLICIT_RETAIN_SELF = YES;
				CLANG_WARN_OBJC_LITERAL_CONVERSION = YES;
				CLANG_WARN_OBJC_ROOT_CLASS = YES_ERROR;
				CLANG_WARN_RANGE_LOOP_ANALYSIS = YES;
				CLANG_WARN_STRICT_PROTOTYPES = YES;
				CLANG_WARN_SUSPICIOUS_MOVE = YES;
				CLANG_WARN_UNGUARDED_AVAILABILITY = YES_AGGRESSIVE;
				CLANG_WARN_UNREACHABLE_CODE = YES;
				CLANG_WARN__DUPLICATE_METHOD_MATCH = YES;
				COPY_PHASE_STRIP = NO;
				DEBUG_INFORMATION_FORMAT = "dwarf-with-dsym";
				ENABLE_NS_ASSERTIONS = NO;
				ENABLE_STRICT_OBJC_MSGSEND = YES;
				GCC_C_LANGUAGE_STANDARD = gnu11;
				GCC_NO_COMMON_BLOCKS = YES;
				GCC_WARN_64_TO_32_BIT_CONVERSION = YES;
				GCC_WARN_ABOUT_RETURN_TYPE = YES_ERROR;
				GCC_WARN_UNDECLARED_SELECTOR = YES;
				GCC_WARN_UNINITIALIZED_AUTOS = YES_AGGRESSIVE;
				GCC_WARN_UNUSED_FUNCTION = YES;
				GCC_WARN_UNUSED_VARIABLE = YES;
				IPHONEOS_DEPLOYMENT_TARGET = 13.2;
				MTL_ENABLE_DEBUG_INFO = NO;
				MTL_FAST_MATH = YES;
				PRODUCT_NAME = "";
				SDKROOT = iphoneos;
				SWIFT_COMPILATION_MODE = wholemodule;
				SWIFT_OPTIMIZATION_LEVEL = "-O";
				VALIDATE_PRODUCT = YES;
			};
			name = Release;
		};
		7FCF1D5923FA374400602392 /* Debug */ = {
			isa = XCBuildConfiguration;
			buildSettings = {
				ASSETCATALOG_COMPILER_APPICON_NAME = AppIcon;
				CODE_SIGN_STYLE = Automatic;
				DEVELOPMENT_TEAM = 6G975A787V;
				INFOPLIST_FILE = SOSMS/Info.plist;
				LD_RUNPATH_SEARCH_PATHS = (
					"$(inherited)",
					"@executable_path/Frameworks",
				);
				MARKETING_VERSION = 1.1;
				PRODUCT_BUNDLE_IDENTIFIER = "elli-no-e.SOSMS";
				PRODUCT_NAME = "Message-SOS";
				SWIFT_VERSION = 5.0;
				TARGETED_DEVICE_FAMILY = "1,2";
			};
			name = Debug;
		};
		7FCF1D5A23FA374400602392 /* Release */ = {
			isa = XCBuildConfiguration;
			buildSettings = {
				ASSETCATALOG_COMPILER_APPICON_NAME = AppIcon;
				CODE_SIGN_ENTITLEMENTS = SOSMS/SOSMSRelease.entitlements;
				CODE_SIGN_IDENTITY = "Apple Development";
				CODE_SIGN_STYLE = Automatic;
				DEVELOPMENT_TEAM = ZK2P8S7A36;
				INFOPLIST_FILE = SOSMS/Info.plist;
				LD_RUNPATH_SEARCH_PATHS = (
					"$(inherited)",
					"@executable_path/Frameworks",
				);
				MARKETING_VERSION = 1.1;
				PRODUCT_BUNDLE_IDENTIFIER = "com.elli-no-e.SOSMS";
				PRODUCT_NAME = "Message-SOS";
				PROVISIONING_PROFILE_SPECIFIER = "";
				SWIFT_VERSION = 5.0;
				TARGETED_DEVICE_FAMILY = "1,2";
			};
			name = Release;
		};
/* End XCBuildConfiguration section */

/* Begin XCConfigurationList section */
		7FCF1D3F23FA374300602392 /* Build configuration list for PBXProject "SOSMS" */ = {
			isa = XCConfigurationList;
			buildConfigurations = (
				7FCF1D5623FA374400602392 /* Debug */,
				7FCF1D5723FA374400602392 /* Release */,
			);
			defaultConfigurationIsVisible = 0;
			defaultConfigurationName = Release;
		};
		7FCF1D5823FA374400602392 /* Build configuration list for PBXNativeTarget "Message-SOS" */ = {
			isa = XCConfigurationList;
			buildConfigurations = (
				7FCF1D5923FA374400602392 /* Debug */,
				7FCF1D5A23FA374400602392 /* Release */,
			);
			defaultConfigurationIsVisible = 0;
			defaultConfigurationName = Release;
		};
/* End XCConfigurationList section */
	};
	rootObject = 7FCF1D3C23FA374300602392 /* Project object */;
}
